<?xml version="1.0" encoding="utf-8"?>
<Project ToolsVersion="4.0" xmlns="http://schemas.microsoft.com/developer/msbuild/2003">
  <ItemGroup>
    <ClCompile Include="src\main.cpp" />
    <ClInclude Include="src\PCH.hpp" />
    <ClCompile Include="src\PCH.cpp" />
    <ClCompile Include="src\characters\enemies\Enemy.cpp">
      <Filter>Characters\Enemies</Filter>
    </ClCompile>
    <ClInclude Include="src\characters\enemies\Enemy.hpp">
      <Filter>Characters\Enemies</Filter>
    </ClInclude>
    <ClInclude Include="src\characters\enemies\Humanoid.hpp">
      <Filter>Characters\Enemies</Filter>
    </ClInclude>
    <ClCompile Include="src\characters\enemies\Humanoid.cpp">
      <Filter>Characters\Enemies</Filter>
    </ClCompile>
    <ClInclude Include="src\characters\Player.hpp">
      <Filter>Characters</Filter>
    </ClInclude>
    <ClCompile Include="src\characters\Player.cpp">
      <Filter>Characters</Filter>
    </ClCompile>
    <ClInclude Include="src\characters\enemies\Slime.hpp">
      <Filter>Characters\Enemies</Filter>
    </ClInclude>
    <ClCompile Include="src\characters\enemies\Slime.cpp">
      <Filter>Characters\Enemies</Filter>
    </ClCompile>
    <ClCompile Include="src\items\bullet\Projectile.cpp">
      <Filter>Items\Bullet</Filter>
    </ClCompile>
    <ClInclude Include="src\items\bullet\Projectile.hpp">
      <Filter>Items\Bullet</Filter>
    </ClInclude>
    <ClInclude Include="src\items\loot\Gem.hpp">
      <Filter>Items\Loot</Filter>
    </ClInclude>
    <ClCompile Include="src\items\loot\Gem.cpp">
      <Filter>Items\Loot</Filter>
    </ClCompile>
    <ClCompile Include="src\items\loot\Gold.cpp">
      <Filter>Items\Loot</Filter>
    </ClCompile>
    <ClInclude Include="src\items\loot\Gold.hpp">
      <Filter>Items\Loot</Filter>
    </ClInclude>
    <ClInclude Include="src\items\loot\Heart.hpp">
      <Filter>Items\Loot</Filter>
    </ClInclude>
    <ClCompile Include="src\items\loot\Heart.cpp">
      <Filter>Items\Loot</Filter>
    </ClCompile>
    <ClInclude Include="src\items\loot\Key.hpp">
      <Filter>Items\Loot</Filter>
    </ClInclude>
    <ClCompile Include="src\items\loot\Key.cpp">
      <Filter>Items\Loot</Filter>
    </ClCompile>
    <ClCompile Include="src\items\loot\Potion.cpp">
      <Filter>Items\Loot</Filter>
    </ClCompile>
    <ClInclude Include="src\items\loot\Potion.hpp">
      <Filter>Items\Loot</Filter>
    </ClInclude>
    <ClInclude Include="src\items\environment\Torch.hpp">
      <Filter>Items\Environment</Filter>
    </ClInclude>
    <ClCompile Include="src\items\environment\Torch.cpp">
      <Filter>Items\Environment</Filter>
    </ClCompile>
    <ClInclude Include="src\scenes\GameScene.hpp">
      <Filter>Scenes</Filter>
    </ClInclude>
    <ClCompile Include="src\scenes\GameScene.cpp">
      <Filter>Scenes</Filter>
    </ClCompile>
    <ClInclude Include="src\scenes\Level.hpp">
      <Filter>Scenes</Filter>
    </ClInclude>
    <ClCompile Include="src\scenes\Level.cpp">
      <Filter>Scenes</Filter>
    </ClCompile>
    <ClCompile Include="src\core\Entity.cpp">
      <Filter>Core</Filter>
    </ClCompile>
    <ClInclude Include="src\core\Entity.hpp">
      <Filter>Core</Filter>
    </ClInclude>
    <ClInclude Include="src\core\Game.hpp">
      <Filter>Core</Filter>
    </ClInclude>
    <ClCompile Include="src\core\Game.cpp">
      <Filter>Core</Filter>
    </ClCompile>
    <ClInclude Include="src\core\Input.hpp">
      <Filter>Core</Filter>
    </ClInclude>
    <ClCompile Include="src\core\Input.cpp">
      <Filter>Core</Filter>
    </ClCompile>
    <ClCompile Include="src\core\Item.cpp">
      <Filter>Core</Filter>
    </ClCompile>
    <ClInclude Include="src\core\Item.hpp">
      <Filter>Core</Filter>
    </ClInclude>
    <ClInclude Include="src\core\Object.hpp">
      <Filter>Core</Filter>
    </ClInclude>
    <ClCompile Include="src\core\Object.cpp">
      <Filter>Core</Filter>
    </ClCompile>
    <ClInclude Include="src\core\Scene.hpp">
      <Filter>Core</Filter>
    </ClInclude>
    <ClCompile Include="src\core\Scene.cpp">
      <Filter>Core</Filter>
    </ClCompile>
    <ClInclude Include="src\core\manager\SoundBufferManager.hpp">
      <Filter>Core\Manager Classes\__old to be remove</Filter>
    </ClInclude>
    <ClInclude Include="src\core\manager\TextureManager.hpp">
      <Filter>Core\Manager Classes\__old to be remove</Filter>
    </ClInclude>
    <ClCompile Include="src\core\manager\SoundBufferManager.cpp">
      <Filter>Core\Manager Classes\__old to be remove</Filter>
    </ClCompile>
    <ClCompile Include="src\core\manager\TextureManager.cpp">
      <Filter>Core\Manager Classes\__old to be remove</Filter>
    </ClCompile>
    <ClInclude Include="src\utils\Util.hpp">
      <Filter>Utils</Filter>
    </ClInclude>
    <ClCompile Include="src\utils\MathUtils.cpp">
      <Filter>Utils</Filter>
    </ClCompile>
    <ClInclude Include="src\utils\MathUtils.hpp">
      <Filter>Utils</Filter>
    </ClInclude>
    <ClInclude Include="src\core\manager\ResourceManager.hpp">
      <Filter>Core\Manager Classes</Filter>
    </ClInclude>
    <ClInclude Include="src\core\manager\private\ResourceTraits.hpp">
      <Filter>Core\Manager Classes\private</Filter>
    </ClInclude>
    <ClInclude Include="src\core\manager\ResourceType.hpp">
      <Filter>Core\Manager Classes</Filter>
    </ClInclude>
    <ClInclude Include="src\utils\NonCopyable.hpp">
      <Filter>Utils</Filter>
    </ClInclude>
    <ClInclude Include="src\utils\NonMoveable.hpp">
      <Filter>Utils</Filter>
    </ClInclude>
    <ClInclude Include="src\core\resourceLoader\IResourceLoader.hpp">
      <Filter>Core\Resource Loader</Filter>
    </ClInclude>
    <ClInclude Include="src\core\resourceLoader\CResourceLoaderBuilder.hpp">
      <Filter>Core\Resource Loader</Filter>
    </ClInclude>
    <ClInclude Include="src\core\resourceLoader\private\CXmlResourceLoader.hpp">
      <Filter>Core\Resource Loader\private</Filter>
    </ClInclude>
    <ClInclude Include="deliveries\tinyxml2\tinyxml2.h">
      <Filter>delivery_to_move_other_prj</Filter>
    </ClInclude>
    <ClInclude Include="src\core\manager\private\TResourceHolder.hpp">
      <Filter>Core\Manager Classes\private</Filter>
    </ClInclude>
    <ClCompile Include="src\core\drawable\private\CAnimateSprite.cpp">
      <Filter>Core\Drawable\private</Filter>
    </ClCompile>
    <ClCompile Include="src\core\drawable\private\CDirectedDrawableCreater.cpp">
      <Filter>Core\Drawable\private</Filter>
    </ClCompile>
    <ClCompile Include="src\core\drawable\private\CDrawableCreaterBuilder.cpp">
      <Filter>Core\Drawable\private</Filter>
    </ClCompile>
    <ClCompile Include="src\core\drawable\private\CSingleSprite.cpp">
      <Filter>Core\Drawable\private</Filter>
    </ClCompile>
    <ClCompile Include="src\core\drawable\private\CXmlDrawableCreater.cpp">
      <Filter>Core\Drawable\private</Filter>
    </ClCompile>
  </ItemGroup>
  <ItemGroup>
    <Filter Include="Core">
      <UniqueIdentifier>{82f40ecc-6052-4d9b-b5d7-5049a874391d}</UniqueIdentifier>
    </Filter>
    <Filter Include="Utils">
      <UniqueIdentifier>{82f40ecc-6052-4d9b-b5d7-5049a8743911}</UniqueIdentifier>
    </Filter>
    <Filter Include="Scenes">
      <UniqueIdentifier>{82f40ecc-6052-4d9b-b5d7-5049a8743912}</UniqueIdentifier>
    </Filter>
    <Filter Include="Characters">
      <UniqueIdentifier>{0034e1f8-58f6-4194-8bb6-25994b5fd723}</UniqueIdentifier>
    </Filter>
    <Filter Include="Characters\Enemies">
      <UniqueIdentifier>{04b3795c-51fc-45bb-8f43-d384c6a1da89}</UniqueIdentifier>
    </Filter>
    <Filter Include="Items">
      <UniqueIdentifier>{2c1f17f0-1735-404a-adba-440b45d3cc21}</UniqueIdentifier>
    </Filter>
    <Filter Include="Items\Loot">
      <UniqueIdentifier>{76f2544c-ca10-4a56-b4b1-218621830ce0}</UniqueIdentifier>
    </Filter>
    <Filter Include="Items\Environment">
      <UniqueIdentifier>{99a6506d-1579-4b48-b6cc-2f7e909e1097}</UniqueIdentifier>
    </Filter>
    <Filter Include="Items\Bullet">
      <UniqueIdentifier>{82f40ecc-6052-4d9b-b5d7-5049a8743916}</UniqueIdentifier>
    </Filter>
    <Filter Include="Core\Manager Classes">
      <UniqueIdentifier>{82f40ecc-6052-4d9b-b5d7-5049a8743913}</UniqueIdentifier>
    </Filter>
    <Filter Include="Core\Manager Classes\private">
      <UniqueIdentifier>{82f40ecc-6052-4d9b-b5d7-5049a8743914}</UniqueIdentifier>
    </Filter>
    <Filter Include="delivery_to_move_other_prj">
      <UniqueIdentifier>{f6adbbd1-0490-4bda-ba13-cbf4aa4c5b1a}</UniqueIdentifier>
    </Filter>
    <Filter Include="Core\Manager Classes\__old to be remove">
      <UniqueIdentifier>{82f40ecc-6052-4d9b-b5d7-5049a8743915}</UniqueIdentifier>
    </Filter>
    <Filter Include="Core\Resource Loader">
      <UniqueIdentifier>{2e104d97-efc9-46b9-9948-504ec426952e}</UniqueIdentifier>
    </Filter>
    <Filter Include="Core\Resource Loader\private">
      <UniqueIdentifier>{31b15990-af6e-461a-929c-17c49fcb16a6}</UniqueIdentifier>
    </Filter>
    <Filter Include="Core\Drawable">
      <UniqueIdentifier>{5cf8d0a3-ce9f-4531-a5a5-5f17b1a10d57}</UniqueIdentifier>
    </Filter>
    <Filter Include="Core\Drawable\private">
      <UniqueIdentifier>{a4d7d94c-1003-4430-8851-980c4caa4889}</UniqueIdentifier>
    </Filter>
  </ItemGroup>
  <ItemGroup>
    <ClCompile Include="src\utils\Util.cpp">
      <Filter>Utils</Filter>
    </ClCompile>
    <ClCompile Include="src\core\resourceLoader\private\CXmlResourceLoader.cpp">
      <Filter>Core\Resource Loader\private</Filter>
    </ClCompile>
    <ClCompile Include="src\core\resourceLoader\private\CResourceLoaderBuilder.cpp">
      <Filter>Core\Resource Loader\private</Filter>
    </ClCompile>
    <ClCompile Include="deliveries\tinyxml2\tinyxml2.cpp">
      <Filter>delivery_to_move_other_prj</Filter>
    </ClCompile>
    <ClCompile Include="src\core\manager\private\ResourceManager.cpp">
      <Filter>Core\Manager Classes\private</Filter>
    </ClCompile>
  </ItemGroup>
  <ItemGroup>
    <ClInclude Include="src\core\drawable\CDrawableCreaterBuilder.hpp">
      <Filter>Core\Drawable</Filter>
    </ClInclude>
    <ClInclude Include="src\core\drawable\IDrawable.hpp">
      <Filter>Core\Drawable</Filter>
    </ClInclude>
    <ClInclude Include="src\core\drawable\IDrawableCreater.hpp">
      <Filter>Core\Drawable</Filter>
    </ClInclude>
    <ClInclude Include="src\core\drawable\private\CAnimateSprite.hpp">
      <Filter>Core\Drawable\private</Filter>
    </ClInclude>
    <ClInclude Include="src\core\drawable\private\CDirectedDrawableCreater.hpp">
      <Filter>Core\Drawable\private</Filter>
    </ClInclude>
    <ClInclude Include="src\core\drawable\private\CSingleSprite.hpp">
      <Filter>Core\Drawable\private</Filter>
    </ClInclude>
    <ClInclude Include="src\core\drawable\private\CXmlDrawableCreater.hpp">
      <Filter>Core\Drawable\private</Filter>
    </ClInclude>
  </ItemGroup>
</Project>